
Microsoft Visual Studio Solution File, Format Version 12.00
# Visual Studio 15
VisualStudioVersion = 15.0.26730.10
MinimumVisualStudioVersion = 10.0.40219.1
Project("{FAE04EC0-301F-11D3-BF4B-00C04F79EFBC}") = "VPNCredentialsHelper", "VPNCredentialsHelper\VPNCredentialsHelper.csproj", "{B693E73B-E389-4671-B40E-907C4BA15426}"
EndProject
Global
	GlobalSection(SolutionConfigurationPlatforms) = preSolution
		Debug|Any CPU = Debug|Any CPU
		Release|Any CPU = Release|Any CPU
	EndGlobalSection
	GlobalSection(ProjectConfigurationPlatforms) = postSolution
		{B693E73B-E389-4671-B40E-907C4BA15426}.Debug|Any CPU.ActiveCfg = Debug|Any CPU
		{B693E73B-E389-4671-B40E-907C4BA15426}.Debug|Any CPU.Build.0 = Debug|Any CPU
		{B693E73B-E389-4671-B40E-907C4BA15426}.Release|Any CPU.ActiveCfg = Release|Any CPU
		{B693E73B-E389-4671-B40E-907C4BA15426}.Release|Any CPU.Build.0 = Release|Any CPU
	EndGlobalSection
	GlobalSection(SolutionProperties) = preSolution
		HideSolutionNode = FALSE
	EndGlobalSection
	GlobalSection(ExtensibilityGlobals) = postSolution
		SolutionGuid = {CE05454B-8617-455B-AA89-1C679284110E}
	EndGlobalSection
EndGlobal
